
Microsoft Visual Studio Solution File, Format Version 12.00
# Visual Studio 15
VisualStudioVersion = 15.0.27428.1
MinimumVisualStudioVersion = 10.0.40219.1
Project("{FAE04EC0-301F-11D3-BF4B-00C04F79EFBC}") = "ConsoleReflection", "ConsoleReflection\ConsoleReflection.csproj", "{4C799B55-1ABA-4175-B0E7-2646BB0D91BA}"
EndProject
Project("{FAE04EC0-301F-11D3-BF4B-00C04F79EFBC}") = "AssemblyExampleLibrary", "AssemblyExampleLibrary\AssemblyExampleLibrary.csproj", "{1D96A0A6-B1D8-401E-AB63-2B279DAB7A6B}"
EndProject
Project("{FAE04EC0-301F-11D3-BF4B-00C04F79EFBC}") = "ModuleOneLibrary", "ModuleOneLibrary\ModuleOneLibrary.csproj", "{D66F6FB7-F992-44BC-8A1E-6EC37CC63A48}"
EndProject
Global
	GlobalSection(SolutionConfigurationPlatforms) = preSolution
		Debug|Any CPU = Debug|Any CPU
		Release|Any CPU = Release|Any CPU
	EndGlobalSection
	GlobalSection(ProjectConfigurationPlatforms) = postSolution
		{4C799B55-1ABA-4175-B0E7-2646BB0D91BA}.Debug|Any CPU.ActiveCfg = Debug|Any CPU
		{4C799B55-1ABA-4175-B0E7-2646BB0D91BA}.Debug|Any CPU.Build.0 = Debug|Any CPU
		{4C799B55-1ABA-4175-B0E7-2646BB0D91BA}.Release|Any CPU.ActiveCfg = Release|Any CPU
		{4C799B55-1ABA-4175-B0E7-2646BB0D91BA}.Release|Any CPU.Build.0 = Release|Any CPU
		{1D96A0A6-B1D8-401E-AB63-2B279DAB7A6B}.Debug|Any CPU.ActiveCfg = Debug|Any CPU
		{1D96A0A6-B1D8-401E-AB63-2B279DAB7A6B}.Debug|Any CPU.Build.0 = Debug|Any CPU
		{1D96A0A6-B1D8-401E-AB63-2B279DAB7A6B}.Release|Any CPU.ActiveCfg = Release|Any CPU
		{1D96A0A6-B1D8-401E-AB63-2B279DAB7A6B}.Release|Any CPU.Build.0 = Release|Any CPU
		{D66F6FB7-F992-44BC-8A1E-6EC37CC63A48}.Debug|Any CPU.ActiveCfg = Debug|Any CPU
		{D66F6FB7-F992-44BC-8A1E-6EC37CC63A48}.Debug|Any CPU.Build.0 = Debug|Any CPU
		{D66F6FB7-F992-44BC-8A1E-6EC37CC63A48}.Release|Any CPU.ActiveCfg = Release|Any CPU
		{D66F6FB7-F992-44BC-8A1E-6EC37CC63A48}.Release|Any CPU.Build.0 = Release|Any CPU
	EndGlobalSection
	GlobalSection(SolutionProperties) = preSolution
		HideSolutionNode = FALSE
	EndGlobalSection
	GlobalSection(ExtensibilityGlobals) = postSolution
		SolutionGuid = {8D5584BC-20D9-4504-B1E0-8022E33DB3CA}
	EndGlobalSection
EndGlobal
